
Microsoft Visual Studio Solution File, Format Version 12.00
# Visual Studio Version 17
VisualStudioVersion = 17.11.35222.181
MinimumVisualStudioVersion = 10.0.40219.1
Project("{FAE04EC0-301F-11D3-BF4B-00C04F79EFBC}") = "Burley", "Burley\Burley.csproj", "{442F3802-F4B6-4844-BF30-D8FA1D839172}"
EndProject
Global
	GlobalSection(SolutionConfigurationPlatforms) = preSolution
		Debug|Any CPU = Debug|Any CPU
		Release|Any CPU = Release|Any CPU
	EndGlobalSection
	GlobalSection(ProjectConfigurationPlatforms) = postSolution
		{442F3802-F4B6-4844-BF30-D8FA1D839172}.Debug|Any CPU.ActiveCfg = Debug|Any CPU
		{442F3802-F4B6-4844-BF30-D8FA1D839172}.Debug|Any CPU.Build.0 = Debug|Any CPU
		{442F3802-F4B6-4844-BF30-D8FA1D839172}.Release|Any CPU.ActiveCfg = Release|Any CPU
		{442F3802-F4B6-4844-BF30-D8FA1D839172}.Release|Any CPU.Build.0 = Release|Any CPU
	EndGlobalSection
	GlobalSection(SolutionProperties) = preSolution
		HideSolutionNode = FALSE
	EndGlobalSection
	GlobalSection(ExtensibilityGlobals) = postSolution
		SolutionGuid = {368C34A8-83C4-40E0-8143-97CAD7F96DB2}
	EndGlobalSection
EndGlobal
