
Microsoft Visual Studio Solution File, Format Version 12.00
# Visual Studio Version 17
VisualStudioVersion = 17.11.35222.181
MinimumVisualStudioVersion = 10.0.40219.1
Project("{FAE04EC0-301F-11D3-BF4B-00C04F79EFBC}") = "5Task", "5Task\5Task.csproj", "{08B1FBDB-5865-4841-BD07-9B27915E868A}"
EndProject
Global
	GlobalSection(SolutionConfigurationPlatforms) = preSolution
		Debug|Any CPU = Debug|Any CPU
		Release|Any CPU = Release|Any CPU
	EndGlobalSection
	GlobalSection(ProjectConfigurationPlatforms) = postSolution
		{08B1FBDB-5865-4841-BD07-9B27915E868A}.Debug|Any CPU.ActiveCfg = Debug|Any CPU
		{08B1FBDB-5865-4841-BD07-9B27915E868A}.Debug|Any CPU.Build.0 = Debug|Any CPU
		{08B1FBDB-5865-4841-BD07-9B27915E868A}.Release|Any CPU.ActiveCfg = Release|Any CPU
		{08B1FBDB-5865-4841-BD07-9B27915E868A}.Release|Any CPU.Build.0 = Release|Any CPU
	EndGlobalSection
	GlobalSection(SolutionProperties) = preSolution
		HideSolutionNode = FALSE
	EndGlobalSection
	GlobalSection(ExtensibilityGlobals) = postSolution
		SolutionGuid = {8D2487E4-09A6-4CD0-96B1-D7E9E0002D14}
	EndGlobalSection
EndGlobal
